
Microsoft Visual Studio Solution File, Format Version 12.00
# Visual Studio Version 17
VisualStudioVersion = 17.0.31903.59
MinimumVisualStudioVersion = 10.0.40219.1
Project("{FAE04EC0-301F-11D3-BF4B-00C04F79EFBC}") = "ElfCalories.Core.Tests", "ElfCalories.Core.Tests\ElfCalories.Core.Tests.csproj", "{9F38BC95-33B9-4174-8589-31441A0C61A2}"
EndProject
Project("{FAE04EC0-301F-11D3-BF4B-00C04F79EFBC}") = "ElfCalories.Core", "ElfCalories.Core\ElfCalories.Core.csproj", "{3092587B-9E46-44D0-9445-38F7C45BFB4D}"
EndProject
Global
	GlobalSection(SolutionConfigurationPlatforms) = preSolution
		Debug|Any CPU = Debug|Any CPU
		Release|Any CPU = Release|Any CPU
	EndGlobalSection
	GlobalSection(SolutionProperties) = preSolution
		HideSolutionNode = FALSE
	EndGlobalSection
	GlobalSection(ProjectConfigurationPlatforms) = postSolution
		{9F38BC95-33B9-4174-8589-31441A0C61A2}.Debug|Any CPU.ActiveCfg = Debug|Any CPU
		{9F38BC95-33B9-4174-8589-31441A0C61A2}.Debug|Any CPU.Build.0 = Debug|Any CPU
		{9F38BC95-33B9-4174-8589-31441A0C61A2}.Release|Any CPU.ActiveCfg = Release|Any CPU
		{9F38BC95-33B9-4174-8589-31441A0C61A2}.Release|Any CPU.Build.0 = Release|Any CPU
		{3092587B-9E46-44D0-9445-38F7C45BFB4D}.Debug|Any CPU.ActiveCfg = Debug|Any CPU
		{3092587B-9E46-44D0-9445-38F7C45BFB4D}.Debug|Any CPU.Build.0 = Debug|Any CPU
		{3092587B-9E46-44D0-9445-38F7C45BFB4D}.Release|Any CPU.ActiveCfg = Release|Any CPU
		{3092587B-9E46-44D0-9445-38F7C45BFB4D}.Release|Any CPU.Build.0 = Release|Any CPU
	EndGlobalSection
EndGlobal
